{
  "lockfileVersion": 1,
  "workspaces": {
    "": {
      "name": "consumer-code",
      "dependencies": {
        "@elysiajs/eden": "latest",
        "@octokit/types": "latest",
        "elysia": "latest",
        "master-0": "file:../master-0",
        "mongodb": "latest",
        "octokit": "latest",
      },
      "devDependencies": {
        "@types/bun": "latest",
        "prettier": "^3.5.3",
        "prettier-plugin-organize-imports": "^4.1.0",
      },
      "peerDependencies": {
        "typescript": "^5",
      },
    },
  },
  "packages": {
    "@elysiajs/cors": ["@elysiajs/cors@1.2.0", "", { "peerDependencies": { "elysia": ">= 1.2.0" } }, "sha512-qsJwDAg6WfdQRMfj6uSMcDPSpXvm/zQFeAX1uuJXhIgazH8itSfcDxcH9pMuXVRX1yQNi2pPwNQLJmAcw5mzvw=="],

    "@elysiajs/eden": ["@elysiajs/eden@1.2.0", "", { "peerDependencies": { "elysia": ">= 1.2.0" } }, "sha512-MpV45ahuF+iFZUg4tyJbLr9qxzY99m8clJVgQrDrz7Qh6eOKQ8MY6vjYMj3Wh21pTIRHPHzOLhVorRGby1/Owg=="],

    "@mongodb-js/saslprep": ["@mongodb-js/saslprep@1.2.0", "", { "dependencies": { "sparse-bitfield": "^3.0.3" } }, "sha512-+ywrb0AqkfaYuhHs6LxKWgqbh3I72EpEgESCw37o+9qPx9WTCkgDm2B+eMrwehGtHBWHFU4GXvnSCNiFhhausg=="],

    "@octokit/app": ["@octokit/app@15.1.5", "", { "dependencies": { "@octokit/auth-app": "^7.1.5", "@octokit/auth-unauthenticated": "^6.1.2", "@octokit/core": "^6.1.4", "@octokit/oauth-app": "^7.1.6", "@octokit/plugin-paginate-rest": "^11.4.2", "@octokit/types": "^13.8.0", "@octokit/webhooks": "^13.6.1" } }, "sha512-6cxLT9U8x7GGQ7lNWsKtFr4ccg9oLkGvowk373sX9HvX5U37kql5d55SzaQUxPE8PwgX2cqkzDm5NF5aPKevqg=="],

    "@octokit/auth-app": ["@octokit/auth-app@7.1.5", "", { "dependencies": { "@octokit/auth-oauth-app": "^8.1.3", "@octokit/auth-oauth-user": "^5.1.3", "@octokit/request": "^9.2.1", "@octokit/request-error": "^6.1.7", "@octokit/types": "^13.8.0", "toad-cache": "^3.7.0", "universal-github-app-jwt": "^2.2.0", "universal-user-agent": "^7.0.0" } }, "sha512-boklS4E6LpbA3nRx+SU2fRKRGZJdOGoSZne/i3Y0B5rfHOcGwFgcXrwDLdtbv4igfDSnAkZaoNBv1GYjPDKRNw=="],

    "@octokit/auth-oauth-app": ["@octokit/auth-oauth-app@8.1.3", "", { "dependencies": { "@octokit/auth-oauth-device": "^7.1.3", "@octokit/auth-oauth-user": "^5.1.3", "@octokit/request": "^9.2.1", "@octokit/types": "^13.6.2", "universal-user-agent": "^7.0.0" } }, "sha512-4e6OjVe5rZ8yBe8w7byBjpKtSXFuro7gqeGAAZc7QYltOF8wB93rJl2FE0a4U1Mt88xxPv/mS+25/0DuLk0Ewg=="],

    "@octokit/auth-oauth-device": ["@octokit/auth-oauth-device@7.1.4", "", { "dependencies": { "@octokit/oauth-methods": "^5.1.4", "@octokit/request": "^9.2.1", "@octokit/types": "^13.6.2", "universal-user-agent": "^7.0.0" } }, "sha512-yK35I9VGDGjYxu0NPZ9Rl+zXM/+DO/Hu1VR5FUNz+ZsU6i8B8oQ43TPwci9nuH8bAF6rQrKDNR9F0r0+kzYJhA=="],

    "@octokit/auth-oauth-user": ["@octokit/auth-oauth-user@5.1.3", "", { "dependencies": { "@octokit/auth-oauth-device": "^7.1.3", "@octokit/oauth-methods": "^5.1.3", "@octokit/request": "^9.2.1", "@octokit/types": "^13.6.2", "universal-user-agent": "^7.0.0" } }, "sha512-zNPByPn9K7TC+OOHKGxU+MxrE9SZAN11UHYEFLsK2NRn3akJN2LHRl85q+Eypr3tuB2GrKx3rfj2phJdkYCvzw=="],

    "@octokit/auth-token": ["@octokit/auth-token@5.1.2", "", {}, "sha512-JcQDsBdg49Yky2w2ld20IHAlwr8d/d8N6NiOXbtuoPCqzbsiJgF633mVUw3x4mo0H5ypataQIX7SFu3yy44Mpw=="],

    "@octokit/auth-unauthenticated": ["@octokit/auth-unauthenticated@6.1.2", "", { "dependencies": { "@octokit/request-error": "^6.1.7", "@octokit/types": "^13.6.2" } }, "sha512-07DlUGcz/AAVdzu3EYfi/dOyMSHp9YsOxPl/MPmtlVXWiD//GlV8HgZsPhud94DEyx+RfrW0wSl46Lx+AWbOlg=="],

    "@octokit/core": ["@octokit/core@6.1.4", "", { "dependencies": { "@octokit/auth-token": "^5.0.0", "@octokit/graphql": "^8.1.2", "@octokit/request": "^9.2.1", "@octokit/request-error": "^6.1.7", "@octokit/types": "^13.6.2", "before-after-hook": "^3.0.2", "universal-user-agent": "^7.0.0" } }, "sha512-lAS9k7d6I0MPN+gb9bKDt7X8SdxknYqAMh44S5L+lNqIN2NuV8nvv3g8rPp7MuRxcOpxpUIATWprO0C34a8Qmg=="],

    "@octokit/endpoint": ["@octokit/endpoint@10.1.3", "", { "dependencies": { "@octokit/types": "^13.6.2", "universal-user-agent": "^7.0.2" } }, "sha512-nBRBMpKPhQUxCsQQeW+rCJ/OPSMcj3g0nfHn01zGYZXuNDvvXudF/TYY6APj5THlurerpFN4a/dQAIAaM6BYhA=="],

    "@octokit/graphql": ["@octokit/graphql@8.2.1", "", { "dependencies": { "@octokit/request": "^9.2.2", "@octokit/types": "^13.8.0", "universal-user-agent": "^7.0.0" } }, "sha512-n57hXtOoHrhwTWdvhVkdJHdhTv0JstjDbDRhJfwIRNfFqmSo1DaK/mD2syoNUoLCyqSjBpGAKOG0BuwF392slw=="],

    "@octokit/oauth-app": ["@octokit/oauth-app@7.1.6", "", { "dependencies": { "@octokit/auth-oauth-app": "^8.1.3", "@octokit/auth-oauth-user": "^5.1.3", "@octokit/auth-unauthenticated": "^6.1.2", "@octokit/core": "^6.1.4", "@octokit/oauth-authorization-url": "^7.1.1", "@octokit/oauth-methods": "^5.1.4", "@types/aws-lambda": "^8.10.83", "universal-user-agent": "^7.0.0" } }, "sha512-OMcMzY2WFARg80oJNFwWbY51TBUfLH4JGTy119cqiDawSFXSIBujxmpXiKbGWQlvfn0CxE6f7/+c6+Kr5hI2YA=="],

    "@octokit/oauth-authorization-url": ["@octokit/oauth-authorization-url@7.1.1", "", {}, "sha512-ooXV8GBSabSWyhLUowlMIVd9l1s2nsOGQdlP2SQ4LnkEsGXzeCvbSbCPdZThXhEFzleGPwbapT0Sb+YhXRyjCA=="],

    "@octokit/oauth-methods": ["@octokit/oauth-methods@5.1.4", "", { "dependencies": { "@octokit/oauth-authorization-url": "^7.0.0", "@octokit/request": "^9.2.1", "@octokit/request-error": "^6.1.7", "@octokit/types": "^13.6.2" } }, "sha512-Jc/ycnePClOvO1WL7tlC+TRxOFtyJBGuTDsL4dzXNiVZvzZdrPuNw7zHI3qJSUX2n6RLXE5L0SkFmYyNaVUFoQ=="],

    "@octokit/openapi-types": ["@octokit/openapi-types@24.2.0", "", {}, "sha512-9sIH3nSUttelJSXUrmGzl7QUBFul0/mB8HRYl3fOlgHbIWG+WnYDXU3v/2zMtAvuzZ/ed00Ei6on975FhBfzrg=="],

    "@octokit/openapi-webhooks-types": ["@octokit/openapi-webhooks-types@10.3.0", "", {}, "sha512-Dog+FB4pvsfcGZ9CFyYwb7I6K4QkzCDuN0H3hh5Nr9mMQ4wbBceqUKyJNKN2A0SQ6j4UU3CYNuvfoX9mQlhLUQ=="],

    "@octokit/plugin-paginate-graphql": ["@octokit/plugin-paginate-graphql@5.2.4", "", { "peerDependencies": { "@octokit/core": ">=6" } }, "sha512-pLZES1jWaOynXKHOqdnwZ5ULeVR6tVVCMm+AUbp0htdcyXDU95WbkYdU4R2ej1wKj5Tu94Mee2Ne0PjPO9cCyA=="],

    "@octokit/plugin-paginate-rest": ["@octokit/plugin-paginate-rest@11.6.0", "", { "dependencies": { "@octokit/types": "^13.10.0" }, "peerDependencies": { "@octokit/core": ">=6" } }, "sha512-n5KPteiF7pWKgBIBJSk8qzoZWcUkza2O6A0za97pMGVrGfPdltxrfmfF5GucHYvHGZD8BdaZmmHGz5cX/3gdpw=="],

    "@octokit/plugin-rest-endpoint-methods": ["@octokit/plugin-rest-endpoint-methods@13.5.0", "", { "dependencies": { "@octokit/types": "^13.10.0" }, "peerDependencies": { "@octokit/core": ">=6" } }, "sha512-9Pas60Iv9ejO3WlAX3maE1+38c5nqbJXV5GrncEfkndIpZrJ/WPMRd2xYDcPPEt5yzpxcjw9fWNoPhsSGzqKqw=="],

    "@octokit/plugin-retry": ["@octokit/plugin-retry@7.2.0", "", { "dependencies": { "@octokit/request-error": "^6.1.7", "@octokit/types": "^13.6.2", "bottleneck": "^2.15.3" }, "peerDependencies": { "@octokit/core": ">=6" } }, "sha512-psMbEYb/Fh+V+ZaFo8J16QiFz4sVTv3GntCSU+hYqzHiMdc3P+hhHLVv+dJt0PGIPAGoIA5u+J2DCJdK6lEPsQ=="],

    "@octokit/plugin-throttling": ["@octokit/plugin-throttling@9.6.0", "", { "dependencies": { "@octokit/types": "^13.7.0", "bottleneck": "^2.15.3" }, "peerDependencies": { "@octokit/core": "^6.1.3" } }, "sha512-zn7m1N3vpJDaVzLqjCRdJ0cRzNiekHEWPi8Ww9xyPNrDt5PStHvVE0eR8wy4RSU8Eg7YO8MHyvn6sv25EGVhhg=="],

    "@octokit/request": ["@octokit/request@9.2.2", "", { "dependencies": { "@octokit/endpoint": "^10.1.3", "@octokit/request-error": "^6.1.7", "@octokit/types": "^13.6.2", "fast-content-type-parse": "^2.0.0", "universal-user-agent": "^7.0.2" } }, "sha512-dZl0ZHx6gOQGcffgm1/Sf6JfEpmh34v3Af2Uci02vzUYz6qEN6zepoRtmybWXIGXFIK8K9ylE3b+duCWqhArtg=="],

    "@octokit/request-error": ["@octokit/request-error@6.1.7", "", { "dependencies": { "@octokit/types": "^13.6.2" } }, "sha512-69NIppAwaauwZv6aOzb+VVLwt+0havz9GT5YplkeJv7fG7a40qpLt/yZKyiDxAhgz0EtgNdNcb96Z0u+Zyuy2g=="],

    "@octokit/types": ["@octokit/types@13.10.0", "", { "dependencies": { "@octokit/openapi-types": "^24.2.0" } }, "sha512-ifLaO34EbbPj0Xgro4G5lP5asESjwHracYJvVaPIyXMuiuXLlhic3S47cBdTb+jfODkTE5YtGCLt3Ay3+J97sA=="],

    "@octokit/webhooks": ["@octokit/webhooks@13.7.5", "", { "dependencies": { "@octokit/openapi-webhooks-types": "10.3.0", "@octokit/request-error": "^6.1.7", "@octokit/webhooks-methods": "^5.1.1" } }, "sha512-qmmu4cfKmm58RWyDPUDoI7ls9JWw88qbqPzEi+TDBaSirHQPsixxdPU4OjPDcnDnjee7JXv525yv4qNN3BRlyg=="],

    "@octokit/webhooks-methods": ["@octokit/webhooks-methods@5.1.1", "", {}, "sha512-NGlEHZDseJTCj8TMMFehzwa9g7On4KJMPVHDSrHxCQumL6uSQR8wIkP/qesv52fXqV1BPf4pTxwtS31ldAt9Xg=="],

    "@sinclair/typebox": ["@sinclair/typebox@0.34.30", "", {}, "sha512-gFB3BiqjDxEoadW0zn+xyMVb7cLxPCoblVn2C/BKpI41WPYi2d6fwHAlynPNZ5O/Q4WEiujdnJzVtvG/Jc2CBQ=="],

    "@types/aws-lambda": ["@types/aws-lambda@8.10.147", "", {}, "sha512-nD0Z9fNIZcxYX5Mai2CTmFD7wX7UldCkW2ezCF8D1T5hdiLsnTWDGRpfRYntU6VjTdLQjOvyszru7I1c1oCQew=="],

    "@types/bun": ["@types/bun@1.2.5", "", { "dependencies": { "bun-types": "1.2.5" } }, "sha512-w2OZTzrZTVtbnJew1pdFmgV99H0/L+Pvw+z1P67HaR18MHOzYnTYOi6qzErhK8HyT+DB782ADVPPE92Xu2/Opg=="],

    "@types/node": ["@types/node@22.13.10", "", { "dependencies": { "undici-types": "~6.20.0" } }, "sha512-I6LPUvlRH+O6VRUqYOcMudhaIdUVWfsjnZavnsraHvpBwaEyMN29ry+0UVJhImYL16xsscu0aske3yA+uPOWfw=="],

    "@types/webidl-conversions": ["@types/webidl-conversions@7.0.3", "", {}, "sha512-CiJJvcRtIgzadHCYXw7dqEnMNRjhGZlYK05Mj9OyktqV8uVT8fD2BFOB7S1uwBE3Kj2Z+4UyPmFw/Ixgw/LAlA=="],

    "@types/whatwg-url": ["@types/whatwg-url@11.0.5", "", { "dependencies": { "@types/webidl-conversions": "*" } }, "sha512-coYR071JRaHa+xoEvvYqvnIHaVqaYrLPbsufM9BF63HkwI5Lgmy2QR8Q5K/lYDYo5AK82wOvSOS0UsLTpTG7uQ=="],

    "@types/ws": ["@types/ws@8.5.14", "", { "dependencies": { "@types/node": "*" } }, "sha512-bd/YFLW+URhBzMXurx7lWByOu+xzU9+kb3RboOteXYDfW+tr+JZa99OyNmPINEGB/ahzKrEuc8rcv4gnpJmxTw=="],

    "before-after-hook": ["before-after-hook@3.0.2", "", {}, "sha512-Nik3Sc0ncrMK4UUdXQmAnRtzmNQTAAXmXIopizwZ1W1t8QmfJj+zL4OA2I7XPTPW5z5TDqv4hRo/JzouDJnX3A=="],

    "bottleneck": ["bottleneck@2.19.5", "", {}, "sha512-VHiNCbI1lKdl44tGrhNfU3lup0Tj/ZBMJB5/2ZbNXRCPuRCO7ed2mgcK4r17y+KB2EfuYuRaVlwNbAeaWGSpbw=="],

    "bson": ["bson@6.10.3", "", {}, "sha512-MTxGsqgYTwfshYWTRdmZRC+M7FnG1b4y7RO7p2k3X24Wq0yv1m77Wsj0BzlPzd/IowgESfsruQCUToa7vbOpPQ=="],

    "bun-types": ["bun-types@1.2.5", "", { "dependencies": { "@types/node": "*", "@types/ws": "~8.5.10" } }, "sha512-3oO6LVGGRRKI4kHINx5PIdIgnLRb7l/SprhzqXapmoYkFl5m4j6EvALvbDVuuBFaamB46Ap6HCUxIXNLCGy+tg=="],

    "cookie": ["cookie@1.0.2", "", {}, "sha512-9Kr/j4O16ISv8zBBhJoi4bXOYNTkFLOqSL3UDB0njXxCXNezjeyVrJyGOWtgfs/q2km1gwBcfH8q1yEGoMYunA=="],

    "elysia": ["elysia@1.2.25", "", { "dependencies": { "@sinclair/typebox": "^0.34.27", "cookie": "^1.0.2", "memoirist": "^0.3.0", "openapi-types": "^12.1.3" }, "peerDependencies": { "typescript": ">= 5.0.0" }, "optionalPeers": ["typescript"] }, "sha512-WsdQpORJvb4uszzeqYT0lg97knw1iBW1NTzJ1Jm57tiHg+DfAotlWXYbjmvQ039ssV0fYELDHinLLoUazZkEHg=="],

    "fast-content-type-parse": ["fast-content-type-parse@2.0.1", "", {}, "sha512-nGqtvLrj5w0naR6tDPfB4cUmYCqouzyQiz6C5y/LtcDllJdrcc6WaWW6iXyIIOErTa/XRybj28aasdn4LkVk6Q=="],

    "master-0": ["master-0@file:../master-0", { "dependencies": { "@elysiajs/cors": "latest", "elysia": "latest", "mongodb": "^6.14.2", "octokit": "^4.1.2" }, "devDependencies": { "bun-types": "latest", "typescript": "latest" } }],

    "memoirist": ["memoirist@0.3.0", "", {}, "sha512-wR+4chMgVPq+T6OOsk40u9Wlpw1Pjx66NMNiYxCQQ4EUJ7jDs3D9kTCeKdBOkvAiqXlHLVJlvYL01PvIJ1MPNg=="],

    "memory-pager": ["memory-pager@1.5.0", "", {}, "sha512-ZS4Bp4r/Zoeq6+NLJpP+0Zzm0pR8whtGPf1XExKLJBAczGMnSi3It14OiNCStjQjM6NU1okjQGSxgEZN8eBYKg=="],

    "mongodb": ["mongodb@6.15.0", "", { "dependencies": { "@mongodb-js/saslprep": "^1.1.9", "bson": "^6.10.3", "mongodb-connection-string-url": "^3.0.0" }, "peerDependencies": { "@aws-sdk/credential-providers": "^3.188.0", "@mongodb-js/zstd": "^1.1.0 || ^2.0.0", "gcp-metadata": "^5.2.0", "kerberos": "^2.0.1", "mongodb-client-encryption": ">=6.0.0 <7", "snappy": "^7.2.2", "socks": "^2.7.1" }, "optionalPeers": ["@aws-sdk/credential-providers", "@mongodb-js/zstd", "gcp-metadata", "kerberos", "mongodb-client-encryption", "snappy", "socks"] }, "sha512-ifBhQ0rRzHDzqp9jAQP6OwHSH7dbYIQjD3SbJs9YYk9AikKEettW/9s/tbSFDTpXcRbF+u1aLrhHxDFaYtZpFQ=="],

    "mongodb-connection-string-url": ["mongodb-connection-string-url@3.0.2", "", { "dependencies": { "@types/whatwg-url": "^11.0.2", "whatwg-url": "^14.1.0 || ^13.0.0" } }, "sha512-rMO7CGo/9BFwyZABcKAWL8UJwH/Kc2x0g72uhDWzG48URRax5TCIcJ7Rc3RZqffZzO/Gwff/jyKwCU9TN8gehA=="],

    "octokit": ["octokit@4.1.2", "", { "dependencies": { "@octokit/app": "^15.1.4", "@octokit/core": "^6.1.4", "@octokit/oauth-app": "^7.1.6", "@octokit/plugin-paginate-graphql": "^5.2.4", "@octokit/plugin-paginate-rest": "^11.4.2", "@octokit/plugin-rest-endpoint-methods": "^13.3.1", "@octokit/plugin-retry": "^7.1.4", "@octokit/plugin-throttling": "^9.4.0", "@octokit/request-error": "^6.1.7", "@octokit/types": "^13.7.0" } }, "sha512-0kcTxJOK3yQrJsRb8wKa28hlTze4QOz4sLuUnfXXnhboDhFKgv8LxS86tFwbsafDW9JZ08ByuVAE8kQbYJIZkA=="],

    "openapi-types": ["openapi-types@12.1.3", "", {}, "sha512-N4YtSYJqghVu4iek2ZUvcN/0aqH1kRDuNqzcycDxhOUpg7GdvLa2F3DgS6yBNhInhv2r/6I0Flkn7CqL8+nIcw=="],

    "prettier": ["prettier@3.5.3", "", { "bin": { "prettier": "bin/prettier.cjs" } }, "sha512-QQtaxnoDJeAkDvDKWCLiwIXkTgRhwYDEQCghU9Z6q03iyek/rxRh/2lC3HB7P8sWT2xC/y5JDctPLBIGzHKbhw=="],

    "prettier-plugin-organize-imports": ["prettier-plugin-organize-imports@4.1.0", "", { "peerDependencies": { "prettier": ">=2.0", "typescript": ">=2.9", "vue-tsc": "^2.1.0" }, "optionalPeers": ["vue-tsc"] }, "sha512-5aWRdCgv645xaa58X8lOxzZoiHAldAPChljr/MT0crXVOWTZ+Svl4hIWlz+niYSlO6ikE5UXkN1JrRvIP2ut0A=="],

    "punycode": ["punycode@2.3.1", "", {}, "sha512-vYt7UD1U9Wg6138shLtLOvdAu+8DsC/ilFtEVHcH+wydcSpNE20AfSOduf6MkRFahL5FY7X1oU7nKVZFtfq8Fg=="],

    "sparse-bitfield": ["sparse-bitfield@3.0.3", "", { "dependencies": { "memory-pager": "^1.0.2" } }, "sha512-kvzhi7vqKTfkh0PZU+2D2PIllw2ymqJKujUcyPMd9Y75Nv4nPbGJZXNhxsgdQab2BmlDct1YnfQCguEvHr7VsQ=="],

    "toad-cache": ["toad-cache@3.7.0", "", {}, "sha512-/m8M+2BJUpoJdgAHoG+baCwBT+tf2VraSfkBgl0Y00qIWt41DJ8R5B8nsEw0I58YwF5IZH6z24/2TobDKnqSWw=="],

    "tr46": ["tr46@5.1.0", "", { "dependencies": { "punycode": "^2.3.1" } }, "sha512-IUWnUK7ADYR5Sl1fZlO1INDUhVhatWl7BtJWsIhwJ0UAK7ilzzIa8uIqOO/aYVWHZPJkKbEL+362wrzoeRF7bw=="],

    "typescript": ["typescript@5.8.2", "", { "bin": { "tsc": "bin/tsc", "tsserver": "bin/tsserver" } }, "sha512-aJn6wq13/afZp/jT9QZmwEjDqqvSGp1VT5GVg+f/t6/oVyrgXM6BY1h9BRh/O5p3PlUPAe+WuiEZOmb/49RqoQ=="],

    "undici-types": ["undici-types@6.20.0", "", {}, "sha512-Ny6QZ2Nju20vw1SRHe3d9jVu6gJ+4e3+MMpqu7pqE5HT6WsTSlce++GQmK5UXS8mzV8DSYHrQH+Xrf2jVcuKNg=="],

    "universal-github-app-jwt": ["universal-github-app-jwt@2.2.2", "", {}, "sha512-dcmbeSrOdTnsjGjUfAlqNDJrhxXizjAz94ija9Qw8YkZ1uu0d+GoZzyH+Jb9tIIqvGsadUfwg+22k5aDqqwzbw=="],

    "universal-user-agent": ["universal-user-agent@7.0.2", "", {}, "sha512-0JCqzSKnStlRRQfCdowvqy3cy0Dvtlb8xecj/H8JFZuCze4rwjPZQOgvFvn0Ws/usCHQFGpyr+pB9adaGwXn4Q=="],

    "webidl-conversions": ["webidl-conversions@7.0.0", "", {}, "sha512-VwddBukDzu71offAQR975unBIGqfKZpM+8ZX6ySk8nYhVoo5CYaZyzt3YBvYtRtO+aoGlqxPg/B87NGVZ/fu6g=="],

    "whatwg-url": ["whatwg-url@14.2.0", "", { "dependencies": { "tr46": "^5.1.0", "webidl-conversions": "^7.0.0" } }, "sha512-De72GdQZzNTUBBChsXueQUnPKDkg/5A5zp7pFDuQAj5UFoENpiACU0wlCvzpAGnTkj++ihpKwKyYewn/XNUbKw=="],
  }
}
